PODS:
  - Alamofire (4.7.3)
  - IQKeyboardManagerSwift (6.3.0)

DEPENDENCIES:
  - Alamofire (~> 4.7.3)
  - IQKeyboardManagerSwift

SPEC REPOS:
  https://github.com/cocoapods/specs.git:
    - Alamofire
    - IQKeyboardManagerSwift

SPEC CHECKSUMS:
  Alamofire: c7287b6e5d7da964a70935e5db17046b7fde6568
  IQKeyboardManagerSwift: a8228c257614af98743b4cd8584637025f36358f

PODFILE CHECKSUM: 98f75a77e51dc7a64ef0daa48407d963514508a5

COCOAPODS: 1.6.1
